
Microsoft Visual Studio Solution File, Format Version 12.00
# Visual Studio Version 17
VisualStudioVersion = 17.11.35219.272
MinimumVisualStudioVersion = 10.0.40219.1
Project("{FAE04EC0-301F-11D3-BF4B-00C04F79EFBC}") = "Uppgift 3.2", "Uppgift 3.2\Uppgift 3.2.csproj", "{11BEE523-5E99-4D34-945C-FA939D1AFF0A}"
EndProject
Global
	GlobalSection(SolutionConfigurationPlatforms) = preSolution
		Debug|Any CPU = Debug|Any CPU
		Release|Any CPU = Release|Any CPU
	EndGlobalSection
	GlobalSection(ProjectConfigurationPlatforms) = postSolution
		{11BEE523-5E99-4D34-945C-FA939D1AFF0A}.Debug|Any CPU.ActiveCfg = Debug|Any CPU
		{11BEE523-5E99-4D34-945C-FA939D1AFF0A}.Debug|Any CPU.Build.0 = Debug|Any CPU
		{11BEE523-5E99-4D34-945C-FA939D1AFF0A}.Release|Any CPU.ActiveCfg = Release|Any CPU
		{11BEE523-5E99-4D34-945C-FA939D1AFF0A}.Release|Any CPU.Build.0 = Release|Any CPU
	EndGlobalSection
	GlobalSection(SolutionProperties) = preSolution
		HideSolutionNode = FALSE
	EndGlobalSection
	GlobalSection(ExtensibilityGlobals) = postSolution
		SolutionGuid = {3D636F78-0EC3-464F-B914-F640B5F89689}
	EndGlobalSection
EndGlobal
